// !$*UTF8*$!
{
	archiveVersion = 1;
	classes = {
	};
	objectVersion = 46;
	objects = {

/* Begin PBXBuildFile section */
		770690631BA25B1400F86A6A /* AppDelegate.swift in Sources */ = {isa = PBXBuildFile; fileRef = 770690621BA25B1400F86A6A /* AppDelegate.swift */; };
		770690651BA25B1400F86A6A /* ViewController.swift in Sources */ = {isa = PBXBuildFile; fileRef = 770690641BA25B1400F86A6A /* ViewController.swift */; };
		770690681BA25B1400F86A6A /* Main.storyboard in Resources */ = {isa = PBXBuildFile; fileRef = 770690661BA25B1400F86A6A /* Main.storyboard */; };
		7706906A1BA25B1400F86A6A /* Images.xcassets in Resources */ = {isa = PBXBuildFile; fileRef = 770690691BA25B1400F86A6A /* Images.xcassets */; };
		7706906D1BA25B1400F86A6A /* LaunchScreen.xib in Resources */ = {isa = PBXBuildFile; fileRef = 7706906B1BA25B1400F86A6A /* LaunchScreen.xib */; };
		770690791BA25B1400F86A6A /* HelloWorldTests.swift in Sources */ = {isa = PBXBuildFile; fileRef = 770690781BA25B1400F86A6A /* HelloWorldTests.swift */; };
/* End PBXBuildFile section */

/* Begin PBXContainerItemProxy section */
		770690731BA25B1400F86A6A /* PBXContainerItemProxy */ = {
			isa = PBXContainerItemProxy;
			containerPortal = 770690551BA25B1400F86A6A /* Project object */;
			proxyType = 1;
			remoteGlobalIDString = 7706905C1BA25B1400F86A6A;
			remoteInfo = HelloWorld;
		};
/* End PBXContainerItemProxy section */

/* Begin PBXFileReference section */
		7706905D1BA25B1400F86A6A /* HelloWorld.app */ = {isa = PBXFileReference; explicitFileType = wrapper.application; includeInIndex = 0; path = HelloWorld.app; sourceTree = BUILT_PRODUCTS_DIR; };
		770690611BA25B1400F86A6A /* Info.plist */ = {isa = PBXFileReference; lastKnownFileType = text.plist.xml; path = Info.plist; sourceTree = "<group>"; };
		770690621BA25B1400F86A6A /* AppDelegate.swift */ = {isa = PBXFileReference; lastKnownFileType = sourcecode.swift; path = AppDelegate.swift; sourceTree = "<group>"; };
		770690641BA25B1400F86A6A /* ViewController.swift */ = {isa = PBXFileReference; lastKnownFileType = sourcecode.swift; path = ViewController.swift; sourceTree = "<group>"; };
		770690671BA25B1400F86A6A /* Base */ = {isa = PBXFileReference; lastKnownFileType = file.storyboard; name = Base; path = Base.lproj/Main.storyboard; sourceTree = "<group>"; };
		770690691BA25B1400F86A6A /* Images.xcassets */ = {isa = PBXFileReference; lastKnownFileType = folder.assetcatalog; path = Images.xcassets; sourceTree = "<group>"; };
		7706906C1BA25B1400F86A6A /* Base */ = {isa = PBXFileReference; lastKnownFileType = file.xib; name = Base; path = Base.lproj/LaunchScreen.xib; sourceTree = "<group>"; };
		770690721BA25B1400F86A6A /* HelloWorldTests.xctest */ = {isa = PBXFileReference; explicitFileType = wrapper.cfbundle; includeInIndex = 0; path = HelloWorldTests.xctest; sourceTree = BUILT_PRODUCTS_DIR; };
		770690771BA25B1400F86A6A /* Info.plist */ = {isa = PBXFileReference; lastKnownFileType = text.plist.xml; path = Info.plist; sourceTree = "<group>"; };
		770690781BA25B1400F86A6A /* HelloWorldTests.swift */ = {isa = PBXFileReference; lastKnownFileType = sourcecode.swift; path = HelloWorldTests.swift; sourceTree = "<group>"; };
/* End PBXFileReference section */

/* Begin PBXFrameworksBuildPhase section */
		7706905A1BA25B1400F86A6A /* Frameworks */ = {
			isa = PBXFrameworksBuildPhase;
			buildActionMask = 2147483647;
			files = (
			);
			runOnlyForDeploymentPostprocessing = 0;
		};
		7706906F1BA25B1400F86A6A /* Frameworks */ = {
			isa = PBXFrameworksBuildPhase;
			buildActionMask = 2147483647;
			files = (
			);
			runOnlyForDeploymentPostprocessing = 0;
		};
/* End PBXFrameworksBuildPhase section */

/* Begin PBXGroup section */
		770690541BA25B1400F86A6A = {
			isa = PBXGroup;
			children = (
				7706905F1BA25B1400F86A6A /* HelloWorld */,
				770690751BA25B1400F86A6A /* HelloWorldTests */,
				7706905E1BA25B1400F86A6A /* Products */,
			);
			sourceTree = "<group>";
		};
		7706905E1BA25B1400F86A6A /* Products */ = {
			isa = PBXGroup;
			children = (
				7706905D1BA25B1400F86A6A /* HelloWorld.app */,
				770690721BA25B1400F86A6A /* HelloWorldTests.xctest */,
			);
			name = Products;
			sourceTree = "<group>";
		};
		7706905F1BA25B1400F86A6A /* HelloWorld */ = {
			isa = PBXGroup;
			children = (
				770690621BA25B1400F86A6A /* AppDelegate.swift */,
				770690641BA25B1400F86A6A /* ViewController.swift */,
				770690661BA25B1400F86A6A /* Main.storyboard */,
				770690691BA25B1400F86A6A /* Images.xcassets */,
				7706906B1BA25B1400F86A6A /* LaunchScreen.xib */,
				770690601BA25B1400F86A6A /* Supporting Files */,
			);
			path = HelloWorld;
			sourceTree = "<group>";
		};
		770690601BA25B1400F86A6A /* Supporting Files */ = {
			isa = PBXGroup;
			children = (
				770690611BA25B1400F86A6A /* Info.plist */,
			);
			name = "Supporting Files";
			sourceTree = "<group>";
		};
		770690751BA25B1400F86A6A /* HelloWorldTests */ = {
			isa = PBXGroup;
			children = (
				770690781BA25B1400F86A6A /* HelloWorldTests.swift */,
				770690761BA25B1400F86A6A /* Supporting Files */,
			);
			path = HelloWorldTests;
			sourceTree = "<group>";
		};
		770690761BA25B1400F86A6A /* Supporting Files */ = {
			isa = PBXGroup;
			children = (
				770690771BA25B1400F86A6A /* Info.plist */,
			);
			name = "Supporting Files";
			sourceTree = "<group>";
		};
/* End PBXGroup section */

/* Begin PBXNativeTarget section */
		7706905C1BA25B1400F86A6A /* HelloWorld */ = {
			isa = PBXNativeTarget;
			buildConfigurationList = 7706907C1BA25B1400F86A6A /* Build configuration list for PBXNativeTarget "HelloWorld" */;
			buildPhases = (
				770690591BA25B1400F86A6A /* Sources */,
				7706905A1BA25B1400F86A6A /* Frameworks */,
				7706905B1BA25B1400F86A6A /* Resources */,
			);
			buildRules = (
			);
			dependencies = (
			);
			name = HelloWorld;
			productName = HelloWorld;
			productReference = 7706905D1BA25B1400F86A6A /* HelloWorld.app */;
			productType = "com.apple.product-type.application";
		};
		770690711BA25B1400F86A6A /* HelloWorldTests */ = {
			isa = PBXNativeTarget;
			buildConfigurationList = 7706907F1BA25B1400F86A6A /* Build configuration list for PBXNativeTarget "HelloWorldTests" */;
			buildPhases = (
				7706906E1BA25B1400F86A6A /* Sources */,
				7706906F1BA25B1400F86A6A /* Frameworks */,
				770690701BA25B1400F86A6A /* Resources */,
			);
			buildRules = (
			);
			dependencies = (
				770690741BA25B1400F86A6A /* PBXTargetDependency */,
			);
			name = HelloWorldTests;
			productName = HelloWorldTests;
			productReference = 770690721BA25B1400F86A6A /* HelloWorldTests.xctest */;
			productType = "com.apple.product-type.bundle.unit-test";
		};
/* End PBXNativeTarget section */

/* Begin PBXProject section */
		770690551BA25B1400F86A6A /* Project object */ = {
			isa = PBXProject;
			attributes = {
				LastUpgradeCheck = 0640;
				ORGANIZATIONNAME = "V-FEXrt";
				TargetAttributes = {
					7706905C1BA25B1400F86A6A = {
						CreatedOnToolsVersion = 6.4;
					};
					770690711BA25B1400F86A6A = {
						CreatedOnToolsVersion = 6.4;
						TestTargetID = 7706905C1BA25B1400F86A6A;
					};
				};
			};
			buildConfigurationList = 770690581BA25B1400F86A6A /* Build configuration list for PBXProject "HelloWorld" */;
			compatibilityVersion = "Xcode 3.2";
			developmentRegion = English;
			hasScannedForEncodings = 0;
			knownRegions = (
				en,
				Base,
			);
			mainGroup = 770690541BA25B1400F86A6A;
			productRefGroup = 7706905E1BA25B1400F86A6A /* Products */;
			projectDirPath = "";
			projectRoot = "";
			targets = (
				7706905C1BA25B1400F86A6A /* HelloWorld */,
				770690711BA25B1400F86A6A /* HelloWorldTests */,
			);
		};
/* End PBXProject section */

/* Begin PBXResourcesBuildPhase section */
		7706905B1BA25B1400F86A6A /* Resources */ = {
			isa = PBXResourcesBuildPhase;
			buildActionMask = 2147483647;
			files = (
				770690681BA25B1400F86A6A /* Main.storyboard in Resources */,
				7706906D1BA25B1400F86A6A /* LaunchScreen.xib in Resources */,
				7706906A1BA25B1400F86A6A /* Images.xcassets in Resources */,
			);
			runOnlyForDeploymentPostprocessing = 0;
		};
		770690701BA25B1400F86A6A /* Resources */ = {
			isa = PBXResourcesBuildPhase;
			buildActionMask = 2147483647;
			files = (
			);
			runOnlyForDeploymentPostprocessing = 0;
		};
/* End PBXResourcesBuildPhase section */

/* Begin PBXSourcesBuildPhase section */
		770690591BA25B1400F86A6A /* Sources */ = {
			isa = PBXSourcesBuildPhase;
			buildActionMask = 2147483647;
			files = (
				770690651BA25B1400F86A6A /* ViewController.swift in Sources */,
				770690631BA25B1400F86A6A /* AppDelegate.swift in Sources */,
			);
			runOnlyForDeploymentPostprocessing = 0;
		};
		7706906E1BA25B1400F86A6A /* Sources */ = {
			isa = PBXSourcesBuildPhase;
			buildActionMask = 2147483647;
			files = (
				770690791BA25B1400F86A6A /* HelloWorldTests.swift in Sources */,
			);
			runOnlyForDeploymentPostprocessing = 0;
		};
/* End PBXSourcesBuildPhase section */

/* Begin PBXTargetDependency section */
		770690741BA25B1400F86A6A /* PBXTargetDependency */ = {
			isa = PBXTargetDependency;
			target = 7706905C1BA25B1400F86A6A /* HelloWorld */;
			targetProxy = 770690731BA25B1400F86A6A /* PBXContainerItemProxy */;
		};
/* End PBXTargetDependency section */

/* Begin PBXVariantGroup section */
		770690661BA25B1400F86A6A /* Main.storyboard */ = {
			isa = PBXVariantGroup;
			children = (
				770690671BA25B1400F86A6A /* Base */,
			);
			name = Main.storyboard;
			sourceTree = "<group>";
		};
		7706906B1BA25B1400F86A6A /* LaunchScreen.xib */ = {
			isa = PBXVariantGroup;
			children = (
				7706906C1BA25B1400F86A6A /* Base */,
			);
			name = LaunchScreen.xib;
			sourceTree = "<group>";
		};
/* End PBXVariantGroup section */

/* Begin XCBuildConfiguration section */
		7706907A1BA25B1400F86A6A /* Debug */ = {
			isa = XCBuildConfiguration;
			buildSettings = {
				ALWAYS_SEARCH_USER_PATHS = NO;
				CLANG_CXX_LANGUAGE_STANDARD = "gnu++0x";
				CLANG_CXX_LIBRARY = "libc++";
				CLANG_ENABLE_MODULES = YES;
				CLANG_ENABLE_OBJC_ARC = YES;
				CLANG_WARN_BOOL_CONVERSION = YES;
				CLANG_WARN_CONSTANT_CONVERSION = YES;
				CLANG_WARN_DIRECT_OBJC_ISA_USAGE = YES_ERROR;
				CLANG_WARN_EMPTY_BODY = YES;
				CLANG_WARN_ENUM_CONVERSION = YES;
				CLANG_WARN_INT_CONVERSION = YES;
				CLANG_WARN_OBJC_ROOT_CLASS = YES_ERROR;
				CLANG_WARN_UNREACHABLE_CODE = YES;
				CLANG_WARN__DUPLICATE_METHOD_MATCH = YES;
				"CODE_SIGN_IDENTITY[sdk=iphoneos*]" = "iPhone Developer";
				COPY_PHASE_STRIP = NO;
				DEBUG_INFORMATION_FORMAT = "dwarf-with-dsym";
				ENABLE_STRICT_OBJC_MSGSEND = YES;
				GCC_C_LANGUAGE_STANDARD = gnu99;
				GCC_DYNAMIC_NO_PIC = NO;
				GCC_NO_COMMON_BLOCKS = YES;
				GCC_OPTIMIZATION_LEVEL = 0;
				GCC_PREPROCESSOR_DEFINITIONS = (
					"DEBUG=1",
					"$(inherited)",
				);
				GCC_SYMBOLS_PRIVATE_EXTERN = NO;
				GCC_WARN_64_TO_32_BIT_CONVERSION = YES;
				GCC_WARN_ABOUT_RETURN_TYPE = YES_ERROR;
				GCC_WARN_UNDECLARED_SELECTOR = YES;
				GCC_WARN_UNINITIALIZED_AUTOS = YES_AGGRESSIVE;
				GCC_WARN_UNUSED_FUNCTION = YES;
				GCC_WARN_UNUSED_VARIABLE = YES;
				IPHONEOS_DEPLOYMENT_TARGET = 8.4;
				MTL_ENABLE_DEBUG_INFO = YES;
				ONLY_ACTIVE_ARCH = YES;
				SDKROOT = iphoneos;
				SWIFT_OPTIMIZATION_LEVEL = "-Onone";
				TARGETED_DEVICE_FAMILY = "1,2";
			};
			name = Debug;
		};
		7706907B1BA25B1400F86A6A /* Release */ = {
			isa = XCBuildConfiguration;
			buildSettings = {
				ALWAYS_SEARCH_USER_PATHS = NO;
				CLANG_CXX_LANGUAGE_STANDARD = "gnu++0x";
				CLANG_CXX_LIBRARY = "libc++";
				CLANG_ENABLE_MODULES = YES;
				CLANG_ENABLE_OBJC_ARC = YES;
				CLANG_WARN_BOOL_CONVERSION = YES;
				CLANG_WARN_CONSTANT_CONVERSION = YES;
				CLANG_WARN_DIRECT_OBJC_ISA_USAGE = YES_ERROR;
				CLANG_WARN_EMPTY_BODY = YES;
				CLANG_WARN_ENUM_CONVERSION = YES;
				CLANG_WARN_INT_CONVERSION = YES;
				CLANG_WARN_OBJC_ROOT_CLASS = YES_ERROR;
				CLANG_WARN_UNREACHABLE_CODE = YES;
				CLANG_WARN__DUPLICATE_METHOD_MATCH = YES;
				"CODE_SIGN_IDENTITY[sdk=iphoneos*]" = "iPhone Developer";
				COPY_PHASE_STRIP = NO;
				DEBUG_INFORMATION_FORMAT = "dwarf-with-dsym";
				ENABLE_NS_ASSERTIONS = NO;
				ENABLE_STRICT_OBJC_MSGSEND = YES;
				GCC_C_LANGUAGE_STANDARD = gnu99;
				GCC_NO_COMMON_BLOCKS = YES;
				GCC_WARN_64_TO_32_BIT_CONVERSION = YES;
				GCC_WARN_ABOUT_RETURN_TYPE = YES_ERROR;
				GCC_WARN_UNDECLARED_SELECTOR = YES;
				GCC_WARN_UNINITIALIZED_AUTOS = YES_AGGRESSIVE;
				GCC_WARN_UNUSED_FUNCTION = YES;
				GCC_WARN_UNUSED_VARIABLE = YES;
				IPHONEOS_DEPLOYMENT_TARGET = 8.4;
				MTL_ENABLE_DEBUG_INFO = NO;
				SDKROOT = iphoneos;
				TARGETED_DEVICE_FAMILY = "1,2";
				VALIDATE_PRODUCT = YES;
			};
			name = Release;
		};
		7706907D1BA25B1400F86A6A /* Debug */ = {
			isa = XCBuildConfiguration;
			buildSettings = {
				ASSETCATALOG_COMPILER_APPICON_NAME = AppIcon;
				INFOPLIST_FILE = HelloWorld/Info.plist;
				LD_RUNPATH_SEARCH_PATHS = "$(inherited) @executable_path/Frameworks";
				PRODUCT_NAME = "$(TARGET_NAME)";
			};
			name = Debug;
		};
		7706907E1BA25B1400F86A6A /* Release */ = {
			isa = XCBuildConfiguration;
			buildSettings = {
				ASSETCATALOG_COMPILER_APPICON_NAME = AppIcon;
				INFOPLIST_FILE = HelloWorld/Info.plist;
				LD_RUNPATH_SEARCH_PATHS = "$(inherited) @executable_path/Frameworks";
				PRODUCT_NAME = "$(TARGET_NAME)";
			};
			name = Release;
		};
		770690801BA25B1400F86A6A /* Debug */ = {
			isa = XCBuildConfiguration;
			buildSettings = {
				BUNDLE_LOADER = "$(TEST_HOST)";
				FRAMEWORK_SEARCH_PATHS = (
					"$(SDKROOT)/Developer/Library/Frameworks",
					"$(inherited)",
				);
				GCC_PREPROCESSOR_DEFINITIONS = (
					"DEBUG=1",
					"$(inherited)",
				);
				INFOPLIST_FILE = HelloWorldTests/Info.plist;
				LD_RUNPATH_SEARCH_PATHS = "$(inherited) @executable_path/Frameworks @loader_path/Frameworks";
				PRODUCT_NAME = "$(TARGET_NAME)";
				TEST_HOST = "$(BUILT_PRODUCTS_DIR)/HelloWorld.app/HelloWorld";
			};
			name = Debug;
		};
		770690811BA25B1400F86A6A /* Release */ = {
			isa = XCBuildConfiguration;
			buildSettings = {
				BUNDLE_LOADER = "$(TEST_HOST)";
				FRAMEWORK_SEARCH_PATHS = (
					"$(SDKROOT)/Developer/Library/Frameworks",
					"$(inherited)",
				);
				INFOPLIST_FILE = HelloWorldTests/Info.plist;
				LD_RUNPATH_SEARCH_PATHS = "$(inherited) @executable_path/Frameworks @loader_path/Frameworks";
				PRODUCT_NAME = "$(TARGET_NAME)";
				TEST_HOST = "$(BUILT_PRODUCTS_DIR)/HelloWorld.app/HelloWorld";
			};
			name = Release;
		};
/* End XCBuildConfiguration section */

/* Begin XCConfigurationList section */
		770690581BA25B1400F86A6A /* Build configuration list for PBXProject "HelloWorld" */ = {
			isa = XCConfigurationList;
			buildConfigurations = (
				7706907A1BA25B1400F86A6A /* Debug */,
				7706907B1BA25B1400F86A6A /* Release */,
			);
			defaultConfigurationIsVisible = 0;
			defaultConfigurationName = Release;
		};
		7706907C1BA25B1400F86A6A /* Build configuration list for PBXNativeTarget "HelloWorld" */ = {
			isa = XCConfigurationList;
			buildConfigurations = (
				7706907D1BA25B1400F86A6A /* Debug */,
				7706907E1BA25B1400F86A6A /* Release */,
			);
			defaultConfigurationIsVisible = 0;
		};
		7706907F1BA25B1400F86A6A /* Build configuration list for PBXNativeTarget "HelloWorldTests" */ = {
			isa = XCConfigurationList;
			buildConfigurations = (
				770690801BA25B1400F86A6A /* Debug */,
				770690811BA25B1400F86A6A /* Release */,
			);
			defaultConfigurationIsVisible = 0;
		};
/* End XCConfigurationList section */
	};
	rootObject = 770690551BA25B1400F86A6A /* Project object */;
}
