// !$*UTF8*$!
{
	archiveVersion = 1;
	classes = {
	};
	objectVersion = 46;
	objects = {

/* Begin PBXBuildFile section */
		7768549D1BAB8DE1003D06F2 /* AppDelegate.swift in Sources */ = {isa = PBXBuildFile; fileRef = 7768549C1BAB8DE1003D06F2 /* AppDelegate.swift */; };
		776854A41BAB8DE1003D06F2 /* Main.storyboard in Resources */ = {isa = PBXBuildFile; fileRef = 776854A21BAB8DE1003D06F2 /* Main.storyboard */; };
		776854A61BAB8DE1003D06F2 /* Images.xcassets in Resources */ = {isa = PBXBuildFile; fileRef = 776854A51BAB8DE1003D06F2 /* Images.xcassets */; };
		776854A91BAB8DE1003D06F2 /* LaunchScreen.xib in Resources */ = {isa = PBXBuildFile; fileRef = 776854A71BAB8DE1003D06F2 /* LaunchScreen.xib */; };
		776854B51BAB8DE1003D06F2 /* PassingDataTests.swift in Sources */ = {isa = PBXBuildFile; fileRef = 776854B41BAB8DE1003D06F2 /* PassingDataTests.swift */; };
		776854C11BAB8EFC003D06F2 /* Cell.swift in Sources */ = {isa = PBXBuildFile; fileRef = 776854C01BAB8EFC003D06F2 /* Cell.swift */; };
		776854C31BAB9007003D06F2 /* TableViewController.swift in Sources */ = {isa = PBXBuildFile; fileRef = 776854C21BAB9007003D06F2 /* TableViewController.swift */; };
		776854F31BAB92C5003D06F2 /* DataViewController.swift in Sources */ = {isa = PBXBuildFile; fileRef = 776854F21BAB92C5003D06F2 /* DataViewController.swift */; };
/* End PBXBuildFile section */

/* Begin PBXContainerItemProxy section */
		776854AF1BAB8DE1003D06F2 /* PBXContainerItemProxy */ = {
			isa = PBXContainerItemProxy;
			containerPortal = 7768548F1BAB8DE1003D06F2 /* Project object */;
			proxyType = 1;
			remoteGlobalIDString = 776854961BAB8DE1003D06F2;
			remoteInfo = PassingData;
		};
/* End PBXContainerItemProxy section */

/* Begin PBXFileReference section */
		776854971BAB8DE1003D06F2 /* PassingData.app */ = {isa = PBXFileReference; explicitFileType = wrapper.application; includeInIndex = 0; path = PassingData.app; sourceTree = BUILT_PRODUCTS_DIR; };
		7768549B1BAB8DE1003D06F2 /* Info.plist */ = {isa = PBXFileReference; lastKnownFileType = text.plist.xml; path = Info.plist; sourceTree = "<group>"; };
		7768549C1BAB8DE1003D06F2 /* AppDelegate.swift */ = {isa = PBXFileReference; lastKnownFileType = sourcecode.swift; path = AppDelegate.swift; sourceTree = "<group>"; };
		776854A31BAB8DE1003D06F2 /* Base */ = {isa = PBXFileReference; lastKnownFileType = file.storyboard; name = Base; path = Base.lproj/Main.storyboard; sourceTree = "<group>"; };
		776854A51BAB8DE1003D06F2 /* Images.xcassets */ = {isa = PBXFileReference; lastKnownFileType = folder.assetcatalog; path = Images.xcassets; sourceTree = "<group>"; };
		776854A81BAB8DE1003D06F2 /* Base */ = {isa = PBXFileReference; lastKnownFileType = file.xib; name = Base; path = Base.lproj/LaunchScreen.xib; sourceTree = "<group>"; };
		776854AE1BAB8DE1003D06F2 /* PassingDataTests.xctest */ = {isa = PBXFileReference; explicitFileType = wrapper.cfbundle; includeInIndex = 0; path = PassingDataTests.xctest; sourceTree = BUILT_PRODUCTS_DIR; };
		776854B31BAB8DE1003D06F2 /* Info.plist */ = {isa = PBXFileReference; lastKnownFileType = text.plist.xml; path = Info.plist; sourceTree = "<group>"; };
		776854B41BAB8DE1003D06F2 /* PassingDataTests.swift */ = {isa = PBXFileReference; lastKnownFileType = sourcecode.swift; path = PassingDataTests.swift; sourceTree = "<group>"; };
		776854C01BAB8EFC003D06F2 /* Cell.swift */ = {isa = PBXFileReference; fileEncoding = 4; lastKnownFileType = sourcecode.swift; path = Cell.swift; sourceTree = "<group>"; };
		776854C21BAB9007003D06F2 /* TableViewController.swift */ = {isa = PBXFileReference; fileEncoding = 4; lastKnownFileType = sourcecode.swift; path = TableViewController.swift; sourceTree = "<group>"; };
		776854F21BAB92C5003D06F2 /* DataViewController.swift */ = {isa = PBXFileReference; fileEncoding = 4; lastKnownFileType = sourcecode.swift; path = DataViewController.swift; sourceTree = "<group>"; };
/* End PBXFileReference section */

/* Begin PBXFrameworksBuildPhase section */
		776854941BAB8DE1003D06F2 /* Frameworks */ = {
			isa = PBXFrameworksBuildPhase;
			buildActionMask = 2147483647;
			files = (
			);
			runOnlyForDeploymentPostprocessing = 0;
		};
		776854AB1BAB8DE1003D06F2 /* Frameworks */ = {
			isa = PBXFrameworksBuildPhase;
			buildActionMask = 2147483647;
			files = (
			);
			runOnlyForDeploymentPostprocessing = 0;
		};
/* End PBXFrameworksBuildPhase section */

/* Begin PBXGroup section */
		7768548E1BAB8DE1003D06F2 = {
			isa = PBXGroup;
			children = (
				776854991BAB8DE1003D06F2 /* PassingData */,
				776854B11BAB8DE1003D06F2 /* PassingDataTests */,
				776854981BAB8DE1003D06F2 /* Products */,
			);
			sourceTree = "<group>";
		};
		776854981BAB8DE1003D06F2 /* Products */ = {
			isa = PBXGroup;
			children = (
				776854971BAB8DE1003D06F2 /* PassingData.app */,
				776854AE1BAB8DE1003D06F2 /* PassingDataTests.xctest */,
			);
			name = Products;
			sourceTree = "<group>";
		};
		776854991BAB8DE1003D06F2 /* PassingData */ = {
			isa = PBXGroup;
			children = (
				7768549C1BAB8DE1003D06F2 /* AppDelegate.swift */,
				776854A21BAB8DE1003D06F2 /* Main.storyboard */,
				776854A51BAB8DE1003D06F2 /* Images.xcassets */,
				776854A71BAB8DE1003D06F2 /* LaunchScreen.xib */,
				7768549A1BAB8DE1003D06F2 /* Supporting Files */,
				776854C01BAB8EFC003D06F2 /* Cell.swift */,
				776854C21BAB9007003D06F2 /* TableViewController.swift */,
				776854F21BAB92C5003D06F2 /* DataViewController.swift */,
			);
			path = PassingData;
			sourceTree = "<group>";
		};
		7768549A1BAB8DE1003D06F2 /* Supporting Files */ = {
			isa = PBXGroup;
			children = (
				7768549B1BAB8DE1003D06F2 /* Info.plist */,
			);
			name = "Supporting Files";
			sourceTree = "<group>";
		};
		776854B11BAB8DE1003D06F2 /* PassingDataTests */ = {
			isa = PBXGroup;
			children = (
				776854B41BAB8DE1003D06F2 /* PassingDataTests.swift */,
				776854B21BAB8DE1003D06F2 /* Supporting Files */,
			);
			path = PassingDataTests;
			sourceTree = "<group>";
		};
		776854B21BAB8DE1003D06F2 /* Supporting Files */ = {
			isa = PBXGroup;
			children = (
				776854B31BAB8DE1003D06F2 /* Info.plist */,
			);
			name = "Supporting Files";
			sourceTree = "<group>";
		};
/* End PBXGroup section */

/* Begin PBXNativeTarget section */
		776854961BAB8DE1003D06F2 /* PassingData */ = {
			isa = PBXNativeTarget;
			buildConfigurationList = 776854B81BAB8DE1003D06F2 /* Build configuration list for PBXNativeTarget "PassingData" */;
			buildPhases = (
				776854931BAB8DE1003D06F2 /* Sources */,
				776854941BAB8DE1003D06F2 /* Frameworks */,
				776854951BAB8DE1003D06F2 /* Resources */,
			);
			buildRules = (
			);
			dependencies = (
			);
			name = PassingData;
			productName = PassingData;
			productReference = 776854971BAB8DE1003D06F2 /* PassingData.app */;
			productType = "com.apple.product-type.application";
		};
		776854AD1BAB8DE1003D06F2 /* PassingDataTests */ = {
			isa = PBXNativeTarget;
			buildConfigurationList = 776854BB1BAB8DE1003D06F2 /* Build configuration list for PBXNativeTarget "PassingDataTests" */;
			buildPhases = (
				776854AA1BAB8DE1003D06F2 /* Sources */,
				776854AB1BAB8DE1003D06F2 /* Frameworks */,
				776854AC1BAB8DE1003D06F2 /* Resources */,
			);
			buildRules = (
			);
			dependencies = (
				776854B01BAB8DE1003D06F2 /* PBXTargetDependency */,
			);
			name = PassingDataTests;
			productName = PassingDataTests;
			productReference = 776854AE1BAB8DE1003D06F2 /* PassingDataTests.xctest */;
			productType = "com.apple.product-type.bundle.unit-test";
		};
/* End PBXNativeTarget section */

/* Begin PBXProject section */
		7768548F1BAB8DE1003D06F2 /* Project object */ = {
			isa = PBXProject;
			attributes = {
				LastUpgradeCheck = 0640;
				ORGANIZATIONNAME = "V-FEXrt";
				TargetAttributes = {
					776854961BAB8DE1003D06F2 = {
						CreatedOnToolsVersion = 6.4;
					};
					776854AD1BAB8DE1003D06F2 = {
						CreatedOnToolsVersion = 6.4;
						TestTargetID = 776854961BAB8DE1003D06F2;
					};
				};
			};
			buildConfigurationList = 776854921BAB8DE1003D06F2 /* Build configuration list for PBXProject "PassingData" */;
			compatibilityVersion = "Xcode 3.2";
			developmentRegion = English;
			hasScannedForEncodings = 0;
			knownRegions = (
				en,
				Base,
			);
			mainGroup = 7768548E1BAB8DE1003D06F2;
			productRefGroup = 776854981BAB8DE1003D06F2 /* Products */;
			projectDirPath = "";
			projectRoot = "";
			targets = (
				776854961BAB8DE1003D06F2 /* PassingData */,
				776854AD1BAB8DE1003D06F2 /* PassingDataTests */,
			);
		};
/* End PBXProject section */

/* Begin PBXResourcesBuildPhase section */
		776854951BAB8DE1003D06F2 /* Resources */ = {
			isa = PBXResourcesBuildPhase;
			buildActionMask = 2147483647;
			files = (
				776854A41BAB8DE1003D06F2 /* Main.storyboard in Resources */,
				776854A91BAB8DE1003D06F2 /* LaunchScreen.xib in Resources */,
				776854A61BAB8DE1003D06F2 /* Images.xcassets in Resources */,
			);
			runOnlyForDeploymentPostprocessing = 0;
		};
		776854AC1BAB8DE1003D06F2 /* Resources */ = {
			isa = PBXResourcesBuildPhase;
			buildActionMask = 2147483647;
			files = (
			);
			runOnlyForDeploymentPostprocessing = 0;
		};
/* End PBXResourcesBuildPhase section */

/* Begin PBXSourcesBuildPhase section */
		776854931BAB8DE1003D06F2 /* Sources */ = {
			isa = PBXSourcesBuildPhase;
			buildActionMask = 2147483647;
			files = (
				776854F31BAB92C5003D06F2 /* DataViewController.swift in Sources */,
				776854C11BAB8EFC003D06F2 /* Cell.swift in Sources */,
				776854C31BAB9007003D06F2 /* TableViewController.swift in Sources */,
				7768549D1BAB8DE1003D06F2 /* AppDelegate.swift in Sources */,
			);
			runOnlyForDeploymentPostprocessing = 0;
		};
		776854AA1BAB8DE1003D06F2 /* Sources */ = {
			isa = PBXSourcesBuildPhase;
			buildActionMask = 2147483647;
			files = (
				776854B51BAB8DE1003D06F2 /* PassingDataTests.swift in Sources */,
			);
			runOnlyForDeploymentPostprocessing = 0;
		};
/* End PBXSourcesBuildPhase section */

/* Begin PBXTargetDependency section */
		776854B01BAB8DE1003D06F2 /* PBXTargetDependency */ = {
			isa = PBXTargetDependency;
			target = 776854961BAB8DE1003D06F2 /* PassingData */;
			targetProxy = 776854AF1BAB8DE1003D06F2 /* PBXContainerItemProxy */;
		};
/* End PBXTargetDependency section */

/* Begin PBXVariantGroup section */
		776854A21BAB8DE1003D06F2 /* Main.storyboard */ = {
			isa = PBXVariantGroup;
			children = (
				776854A31BAB8DE1003D06F2 /* Base */,
			);
			name = Main.storyboard;
			sourceTree = "<group>";
		};
		776854A71BAB8DE1003D06F2 /* LaunchScreen.xib */ = {
			isa = PBXVariantGroup;
			children = (
				776854A81BAB8DE1003D06F2 /* Base */,
			);
			name = LaunchScreen.xib;
			sourceTree = "<group>";
		};
/* End PBXVariantGroup section */

/* Begin XCBuildConfiguration section */
		776854B61BAB8DE1003D06F2 /* Debug */ = {
			isa = XCBuildConfiguration;
			buildSettings = {
				ALWAYS_SEARCH_USER_PATHS = NO;
				CLANG_CXX_LANGUAGE_STANDARD = "gnu++0x";
				CLANG_CXX_LIBRARY = "libc++";
				CLANG_ENABLE_MODULES = YES;
				CLANG_ENABLE_OBJC_ARC = YES;
				CLANG_WARN_BOOL_CONVERSION = YES;
				CLANG_WARN_CONSTANT_CONVERSION = YES;
				CLANG_WARN_DIRECT_OBJC_ISA_USAGE = YES_ERROR;
				CLANG_WARN_EMPTY_BODY = YES;
				CLANG_WARN_ENUM_CONVERSION = YES;
				CLANG_WARN_INT_CONVERSION = YES;
				CLANG_WARN_OBJC_ROOT_CLASS = YES_ERROR;
				CLANG_WARN_UNREACHABLE_CODE = YES;
				CLANG_WARN__DUPLICATE_METHOD_MATCH = YES;
				"CODE_SIGN_IDENTITY[sdk=iphoneos*]" = "iPhone Developer";
				COPY_PHASE_STRIP = NO;
				DEBUG_INFORMATION_FORMAT = "dwarf-with-dsym";
				ENABLE_STRICT_OBJC_MSGSEND = YES;
				GCC_C_LANGUAGE_STANDARD = gnu99;
				GCC_DYNAMIC_NO_PIC = NO;
				GCC_NO_COMMON_BLOCKS = YES;
				GCC_OPTIMIZATION_LEVEL = 0;
				GCC_PREPROCESSOR_DEFINITIONS = (
					"DEBUG=1",
					"$(inherited)",
				);
				GCC_SYMBOLS_PRIVATE_EXTERN = NO;
				GCC_WARN_64_TO_32_BIT_CONVERSION = YES;
				GCC_WARN_ABOUT_RETURN_TYPE = YES_ERROR;
				GCC_WARN_UNDECLARED_SELECTOR = YES;
				GCC_WARN_UNINITIALIZED_AUTOS = YES_AGGRESSIVE;
				GCC_WARN_UNUSED_FUNCTION = YES;
				GCC_WARN_UNUSED_VARIABLE = YES;
				IPHONEOS_DEPLOYMENT_TARGET = 8.4;
				MTL_ENABLE_DEBUG_INFO = YES;
				ONLY_ACTIVE_ARCH = YES;
				SDKROOT = iphoneos;
				SWIFT_OPTIMIZATION_LEVEL = "-Onone";
				TARGETED_DEVICE_FAMILY = "1,2";
			};
			name = Debug;
		};
		776854B71BAB8DE1003D06F2 /* Release */ = {
			isa = XCBuildConfiguration;
			buildSettings = {
				ALWAYS_SEARCH_USER_PATHS = NO;
				CLANG_CXX_LANGUAGE_STANDARD = "gnu++0x";
				CLANG_CXX_LIBRARY = "libc++";
				CLANG_ENABLE_MODULES = YES;
				CLANG_ENABLE_OBJC_ARC = YES;
				CLANG_WARN_BOOL_CONVERSION = YES;
				CLANG_WARN_CONSTANT_CONVERSION = YES;
				CLANG_WARN_DIRECT_OBJC_ISA_USAGE = YES_ERROR;
				CLANG_WARN_EMPTY_BODY = YES;
				CLANG_WARN_ENUM_CONVERSION = YES;
				CLANG_WARN_INT_CONVERSION = YES;
				CLANG_WARN_OBJC_ROOT_CLASS = YES_ERROR;
				CLANG_WARN_UNREACHABLE_CODE = YES;
				CLANG_WARN__DUPLICATE_METHOD_MATCH = YES;
				"CODE_SIGN_IDENTITY[sdk=iphoneos*]" = "iPhone Developer";
				COPY_PHASE_STRIP = NO;
				DEBUG_INFORMATION_FORMAT = "dwarf-with-dsym";
				ENABLE_NS_ASSERTIONS = NO;
				ENABLE_STRICT_OBJC_MSGSEND = YES;
				GCC_C_LANGUAGE_STANDARD = gnu99;
				GCC_NO_COMMON_BLOCKS = YES;
				GCC_WARN_64_TO_32_BIT_CONVERSION = YES;
				GCC_WARN_ABOUT_RETURN_TYPE = YES_ERROR;
				GCC_WARN_UNDECLARED_SELECTOR = YES;
				GCC_WARN_UNINITIALIZED_AUTOS = YES_AGGRESSIVE;
				GCC_WARN_UNUSED_FUNCTION = YES;
				GCC_WARN_UNUSED_VARIABLE = YES;
				IPHONEOS_DEPLOYMENT_TARGET = 8.4;
				MTL_ENABLE_DEBUG_INFO = NO;
				SDKROOT = iphoneos;
				TARGETED_DEVICE_FAMILY = "1,2";
				VALIDATE_PRODUCT = YES;
			};
			name = Release;
		};
		776854B91BAB8DE1003D06F2 /* Debug */ = {
			isa = XCBuildConfiguration;
			buildSettings = {
				ASSETCATALOG_COMPILER_APPICON_NAME = AppIcon;
				INFOPLIST_FILE = PassingData/Info.plist;
				LD_RUNPATH_SEARCH_PATHS = "$(inherited) @executable_path/Frameworks";
				PRODUCT_NAME = "$(TARGET_NAME)";
			};
			name = Debug;
		};
		776854BA1BAB8DE1003D06F2 /* Release */ = {
			isa = XCBuildConfiguration;
			buildSettings = {
				ASSETCATALOG_COMPILER_APPICON_NAME = AppIcon;
				INFOPLIST_FILE = PassingData/Info.plist;
				LD_RUNPATH_SEARCH_PATHS = "$(inherited) @executable_path/Frameworks";
				PRODUCT_NAME = "$(TARGET_NAME)";
			};
			name = Release;
		};
		776854BC1BAB8DE1003D06F2 /* Debug */ = {
			isa = XCBuildConfiguration;
			buildSettings = {
				BUNDLE_LOADER = "$(TEST_HOST)";
				FRAMEWORK_SEARCH_PATHS = (
					"$(SDKROOT)/Developer/Library/Frameworks",
					"$(inherited)",
				);
				GCC_PREPROCESSOR_DEFINITIONS = (
					"DEBUG=1",
					"$(inherited)",
				);
				INFOPLIST_FILE = PassingDataTests/Info.plist;
				LD_RUNPATH_SEARCH_PATHS = "$(inherited) @executable_path/Frameworks @loader_path/Frameworks";
				PRODUCT_NAME = "$(TARGET_NAME)";
				TEST_HOST = "$(BUILT_PRODUCTS_DIR)/PassingData.app/PassingData";
			};
			name = Debug;
		};
		776854BD1BAB8DE1003D06F2 /* Release */ = {
			isa = XCBuildConfiguration;
			buildSettings = {
				BUNDLE_LOADER = "$(TEST_HOST)";
				FRAMEWORK_SEARCH_PATHS = (
					"$(SDKROOT)/Developer/Library/Frameworks",
					"$(inherited)",
				);
				INFOPLIST_FILE = PassingDataTests/Info.plist;
				LD_RUNPATH_SEARCH_PATHS = "$(inherited) @executable_path/Frameworks @loader_path/Frameworks";
				PRODUCT_NAME = "$(TARGET_NAME)";
				TEST_HOST = "$(BUILT_PRODUCTS_DIR)/PassingData.app/PassingData";
			};
			name = Release;
		};
/* End XCBuildConfiguration section */

/* Begin XCConfigurationList section */
		776854921BAB8DE1003D06F2 /* Build configuration list for PBXProject "PassingData" */ = {
			isa = XCConfigurationList;
			buildConfigurations = (
				776854B61BAB8DE1003D06F2 /* Debug */,
				776854B71BAB8DE1003D06F2 /* Release */,
			);
			defaultConfigurationIsVisible = 0;
			defaultConfigurationName = Release;
		};
		776854B81BAB8DE1003D06F2 /* Build configuration list for PBXNativeTarget "PassingData" */ = {
			isa = XCConfigurationList;
			buildConfigurations = (
				776854B91BAB8DE1003D06F2 /* Debug */,
				776854BA1BAB8DE1003D06F2 /* Release */,
			);
			defaultConfigurationIsVisible = 0;
		};
		776854BB1BAB8DE1003D06F2 /* Build configuration list for PBXNativeTarget "PassingDataTests" */ = {
			isa = XCConfigurationList;
			buildConfigurations = (
				776854BC1BAB8DE1003D06F2 /* Debug */,
				776854BD1BAB8DE1003D06F2 /* Release */,
			);
			defaultConfigurationIsVisible = 0;
		};
/* End XCConfigurationList section */
	};
	rootObject = 7768548F1BAB8DE1003D06F2 /* Project object */;
}
